// !$*UTF8*$!
{
	archiveVersion = 1;
	classes = {
	};
	objectVersion = 56;
	objects = {

/* Begin PBXBuildFile section */
		74367ED92B837BA400EC2F9B /* AppDelegate.swift in Sources */ = {isa = PBXBuildFile; fileRef = 74367ED82B837BA400EC2F9B /* AppDelegate.swift */; };
		74367EDB2B837BA400EC2F9B /* SceneDelegate.swift in Sources */ = {isa = PBXBuildFile; fileRef = 74367EDA2B837BA400EC2F9B /* SceneDelegate.swift */; };
		74367EDD2B837BA400EC2F9B /* ViewController.swift in Sources */ = {isa = PBXBuildFile; fileRef = 74367EDC2B837BA400EC2F9B /* ViewController.swift */; };
		74367EE02B837BA400EC2F9B /* Main.storyboard in Resources */ = {isa = PBXBuildFile; fileRef = 74367EDE2B837BA400EC2F9B /* Main.storyboard */; };
		74367EE22B837BA600EC2F9B /* Assets.xcassets in Resources */ = {isa = PBXBuildFile; fileRef = 74367EE12B837BA600EC2F9B /* Assets.xcassets */; };
		74367EE52B837BA600EC2F9B /* LaunchScreen.storyboard in Resources */ = {isa = PBXBuildFile; fileRef = 74367EE32B837BA600EC2F9B /* LaunchScreen.storyboard */; };
		74367EF02B837BA600EC2F9B /* tableviewTests.swift in Sources */ = {isa = PBXBuildFile; fileRef = 74367EEF2B837BA600EC2F9B /* tableviewTests.swift */; };
		74367EFA2B837BA600EC2F9B /* tableviewUITests.swift in Sources */ = {isa = PBXBuildFile; fileRef = 74367EF92B837BA600EC2F9B /* tableviewUITests.swift */; };
		74367EFC2B837BA600EC2F9B /* tableviewUITestsLaunchTests.swift in Sources */ = {isa = PBXBuildFile; fileRef = 74367EFB2B837BA600EC2F9B /* tableviewUITestsLaunchTests.swift */; };
/* End PBXBuildFile section */

/* Begin PBXContainerItemProxy section */
		74367EEC2B837BA600EC2F9B /* PBXContainerItemProxy */ = {
			isa = PBXContainerItemProxy;
			containerPortal = 74367ECD2B837BA400EC2F9B /* Project object */;
			proxyType = 1;
			remoteGlobalIDString = 74367ED42B837BA400EC2F9B;
			remoteInfo = tableview;
		};
		74367EF62B837BA600EC2F9B /* PBXContainerItemProxy */ = {
			isa = PBXContainerItemProxy;
			containerPortal = 74367ECD2B837BA400EC2F9B /* Project object */;
			proxyType = 1;
			remoteGlobalIDString = 74367ED42B837BA400EC2F9B;
			remoteInfo = tableview;
		};
/* End PBXContainerItemProxy section */

/* Begin PBXFileReference section */
		74367ED52B837BA400EC2F9B /* tableview.app */ = {isa = PBXFileReference; explicitFileType = wrapper.application; includeInIndex = 0; path = tableview.app; sourceTree = BUILT_PRODUCTS_DIR; };
		74367ED82B837BA400EC2F9B /* AppDelegate.swift */ = {isa = PBXFileReference; lastKnownFileType = sourcecode.swift; path = AppDelegate.swift; sourceTree = "<group>"; };
		74367EDA2B837BA400EC2F9B /* SceneDelegate.swift */ = {isa = PBXFileReference; lastKnownFileType = sourcecode.swift; path = SceneDelegate.swift; sourceTree = "<group>"; };
		74367EDC2B837BA400EC2F9B /* ViewController.swift */ = {isa = PBXFileReference; lastKnownFileType = sourcecode.swift; path = ViewController.swift; sourceTree = "<group>"; };
		74367EDF2B837BA400EC2F9B /* Base */ = {isa = PBXFileReference; lastKnownFileType = file.storyboard; name = Base; path = Base.lproj/Main.storyboard; sourceTree = "<group>"; };
		74367EE12B837BA600EC2F9B /* Assets.xcassets */ = {isa = PBXFileReference; lastKnownFileType = folder.assetcatalog; path = Assets.xcassets; sourceTree = "<group>"; };
		74367EE42B837BA600EC2F9B /* Base */ = {isa = PBXFileReference; lastKnownFileType = file.storyboard; name = Base; path = Base.lproj/LaunchScreen.storyboard; sourceTree = "<group>"; };
		74367EE62B837BA600EC2F9B /* Info.plist */ = {isa = PBXFileReference; lastKnownFileType = text.plist.xml; path = Info.plist; sourceTree = "<group>"; };
		74367EEB2B837BA600EC2F9B /* tableviewTests.xctest */ = {isa = PBXFileReference; explicitFileType = wrapper.cfbundle; includeInIndex = 0; path = tableviewTests.xctest; sourceTree = BUILT_PRODUCTS_DIR; };
		74367EEF2B837BA600EC2F9B /* tableviewTests.swift */ = {isa = PBXFileReference; lastKnownFileType = sourcecode.swift; path = tableviewTests.swift; sourceTree = "<group>"; };
		74367EF52B837BA600EC2F9B /* tableviewUITests.xctest */ = {isa = PBXFileReference; explicitFileType = wrapper.cfbundle; includeInIndex = 0; path = tableviewUITests.xctest; sourceTree = BUILT_PRODUCTS_DIR; };
		74367EF92B837BA600EC2F9B /* tableviewUITests.swift */ = {isa = PBXFileReference; lastKnownFileType = sourcecode.swift; path = tableviewUITests.swift; sourceTree = "<group>"; };
		74367EFB2B837BA600EC2F9B /* tableviewUITestsLaunchTests.swift */ = {isa = PBXFileReference; lastKnownFileType = sourcecode.swift; path = tableviewUITestsLaunchTests.swift; sourceTree = "<group>"; };
/* End PBXFileReference section */

/* Begin PBXFrameworksBuildPhase section */
		74367ED22B837BA400EC2F9B /* Frameworks */ = {
			isa = PBXFrameworksBuildPhase;
			buildActionMask = 2147483647;
			files = (
			);
			runOnlyForDeploymentPostprocessing = 0;
		};
		74367EE82B837BA600EC2F9B /* Frameworks */ = {
			isa = PBXFrameworksBuildPhase;
			buildActionMask = 2147483647;
			files = (
			);
			runOnlyForDeploymentPostprocessing = 0;
		};
		74367EF22B837BA600EC2F9B /* Frameworks */ = {
			isa = PBXFrameworksBuildPhase;
			buildActionMask = 2147483647;
			files = (
			);
			runOnlyForDeploymentPostprocessing = 0;
		};
/* End PBXFrameworksBuildPhase section */

/* Begin PBXGroup section */
		74367ECC2B837BA400EC2F9B = {
			isa = PBXGroup;
			children = (
				74367ED72B837BA400EC2F9B /* tableview */,
				74367EEE2B837BA600EC2F9B /* tableviewTests */,
				74367EF82B837BA600EC2F9B /* tableviewUITests */,
				74367ED62B837BA400EC2F9B /* Products */,
			);
			sourceTree = "<group>";
		};
		74367ED62B837BA400EC2F9B /* Products */ = {
			isa = PBXGroup;
			children = (
				74367ED52B837BA400EC2F9B /* tableview.app */,
				74367EEB2B837BA600EC2F9B /* tableviewTests.xctest */,
				74367EF52B837BA600EC2F9B /* tableviewUITests.xctest */,
			);
			name = Products;
			sourceTree = "<group>";
		};
		74367ED72B837BA400EC2F9B /* tableview */ = {
			isa = PBXGroup;
			children = (
				74367ED82B837BA400EC2F9B /* AppDelegate.swift */,
				74367EDA2B837BA400EC2F9B /* SceneDelegate.swift */,
				74367EDC2B837BA400EC2F9B /* ViewController.swift */,
				74367EDE2B837BA400EC2F9B /* Main.storyboard */,
				74367EE12B837BA600EC2F9B /* Assets.xcassets */,
				74367EE32B837BA600EC2F9B /* LaunchScreen.storyboard */,
				74367EE62B837BA600EC2F9B /* Info.plist */,
			);
			path = tableview;
			sourceTree = "<group>";
		};
		74367EEE2B837BA600EC2F9B /* tableviewTests */ = {
			isa = PBXGroup;
			children = (
				74367EEF2B837BA600EC2F9B /* tableviewTests.swift */,
			);
			path = tableviewTests;
			sourceTree = "<group>";
		};
		74367EF82B837BA600EC2F9B /* tableviewUITests */ = {
			isa = PBXGroup;
			children = (
				74367EF92B837BA600EC2F9B /* tableviewUITests.swift */,
				74367EFB2B837BA600EC2F9B /* tableviewUITestsLaunchTests.swift */,
			);
			path = tableviewUITests;
			sourceTree = "<group>";
		};
/* End PBXGroup section */

/* Begin PBXNativeTarget section */
		74367ED42B837BA400EC2F9B /* tableview */ = {
			isa = PBXNativeTarget;
			buildConfigurationList = 74367EFF2B837BA600EC2F9B /* Build configuration list for PBXNativeTarget "tableview" */;
			buildPhases = (
				74367ED12B837BA400EC2F9B /* Sources */,
				74367ED22B837BA400EC2F9B /* Frameworks */,
				74367ED32B837BA400EC2F9B /* Resources */,
			);
			buildRules = (
			);
			dependencies = (
			);
			name = tableview;
			productName = tableview;
			productReference = 74367ED52B837BA400EC2F9B /* tableview.app */;
			productType = "com.apple.product-type.application";
		};
		74367EEA2B837BA600EC2F9B /* tableviewTests */ = {
			isa = PBXNativeTarget;
			buildConfigurationList = 74367F022B837BA600EC2F9B /* Build configuration list for PBXNativeTarget "tableviewTests" */;
			buildPhases = (
				74367EE72B837BA600EC2F9B /* Sources */,
				74367EE82B837BA600EC2F9B /* Frameworks */,
				74367EE92B837BA600EC2F9B /* Resources */,
			);
			buildRules = (
			);
			dependencies = (
				74367EED2B837BA600EC2F9B /* PBXTargetDependency */,
			);
			name = tableviewTests;
			productName = tableviewTests;
			productReference = 74367EEB2B837BA600EC2F9B /* tableviewTests.xctest */;
			productType = "com.apple.product-type.bundle.unit-test";
		};
		74367EF42B837BA600EC2F9B /* tableviewUITests */ = {
			isa = PBXNativeTarget;
			buildConfigurationList = 74367F052B837BA600EC2F9B /* Build configuration list for PBXNativeTarget "tableviewUITests" */;
			buildPhases = (
				74367EF12B837BA600EC2F9B /* Sources */,
				74367EF22B837BA600EC2F9B /* Frameworks */,
				74367EF32B837BA600EC2F9B /* Resources */,
			);
			buildRules = (
			);
			dependencies = (
				74367EF72B837BA600EC2F9B /* PBXTargetDependency */,
			);
			name = tableviewUITests;
			productName = tableviewUITests;
			productReference = 74367EF52B837BA600EC2F9B /* tableviewUITests.xctest */;
			productType = "com.apple.product-type.bundle.ui-testing";
		};
/* End PBXNativeTarget section */

/* Begin PBXProject section */
		74367ECD2B837BA400EC2F9B /* Project object */ = {
			isa = PBXProject;
			attributes = {
				BuildIndependentTargetsInParallel = 1;
				LastSwiftUpdateCheck = 1520;
				LastUpgradeCheck = 1520;
				TargetAttributes = {
					74367ED42B837BA400EC2F9B = {
						CreatedOnToolsVersion = 15.2;
					};
					74367EEA2B837BA600EC2F9B = {
						CreatedOnToolsVersion = 15.2;
						TestTargetID = 74367ED42B837BA400EC2F9B;
					};
					74367EF42B837BA600EC2F9B = {
						CreatedOnToolsVersion = 15.2;
						TestTargetID = 74367ED42B837BA400EC2F9B;
					};
				};
			};
			buildConfigurationList = 74367ED02B837BA400EC2F9B /* Build configuration list for PBXProject "tableview" */;
			compatibilityVersion = "Xcode 14.0";
			developmentRegion = en;
			hasScannedForEncodings = 0;
			knownRegions = (
				en,
				Base,
			);
			mainGroup = 74367ECC2B837BA400EC2F9B;
			productRefGroup = 74367ED62B837BA400EC2F9B /* Products */;
			projectDirPath = "";
			projectRoot = "";
			targets = (
				74367ED42B837BA400EC2F9B /* tableview */,
				74367EEA2B837BA600EC2F9B /* tableviewTests */,
				74367EF42B837BA600EC2F9B /* tableviewUITests */,
			);
		};
/* End PBXProject section */

/* Begin PBXResourcesBuildPhase section */
		74367ED32B837BA400EC2F9B /* Resources */ = {
			isa = PBXResourcesBuildPhase;
			buildActionMask = 2147483647;
			files = (
				74367EE52B837BA600EC2F9B /* LaunchScreen.storyboard in Resources */,
				74367EE22B837BA600EC2F9B /* Assets.xcassets in Resources */,
				74367EE02B837BA400EC2F9B /* Main.storyboard in Resources */,
			);
			runOnlyForDeploymentPostprocessing = 0;
		};
		74367EE92B837BA600EC2F9B /* Resources */ = {
			isa = PBXResourcesBuildPhase;
			buildActionMask = 2147483647;
			files = (
			);
			runOnlyForDeploymentPostprocessing = 0;
		};
		74367EF32B837BA600EC2F9B /* Resources */ = {
			isa = PBXResourcesBuildPhase;
			buildActionMask = 2147483647;
			files = (
			);
			runOnlyForDeploymentPostprocessing = 0;
		};
/* End PBXResourcesBuildPhase section */

/* Begin PBXSourcesBuildPhase section */
		74367ED12B837BA400EC2F9B /* Sources */ = {
			isa = PBXSourcesBuildPhase;
			buildActionMask = 2147483647;
			files = (
				74367EDD2B837BA400EC2F9B /* ViewController.swift in Sources */,
				74367ED92B837BA400EC2F9B /* AppDelegate.swift in Sources */,
				74367EDB2B837BA400EC2F9B /* SceneDelegate.swift in Sources */,
			);
			runOnlyForDeploymentPostprocessing = 0;
		};
		74367EE72B837BA600EC2F9B /* Sources */ = {
			isa = PBXSourcesBuildPhase;
			buildActionMask = 2147483647;
			files = (
				74367EF02B837BA600EC2F9B /* tableviewTests.swift in Sources */,
			);
			runOnlyForDeploymentPostprocessing = 0;
		};
		74367EF12B837BA600EC2F9B /* Sources */ = {
			isa = PBXSourcesBuildPhase;
			buildActionMask = 2147483647;
			files = (
				74367EFC2B837BA600EC2F9B /* tableviewUITestsLaunchTests.swift in Sources */,
				74367EFA2B837BA600EC2F9B /* tableviewUITests.swift in Sources */,
			);
			runOnlyForDeploymentPostprocessing = 0;
		};
/* End PBXSourcesBuildPhase section */

/* Begin PBXTargetDependency section */
		74367EED2B837BA600EC2F9B /* PBXTargetDependency */ = {
			isa = PBXTargetDependency;
			target = 74367ED42B837BA400EC2F9B /* tableview */;
			targetProxy = 74367EEC2B837BA600EC2F9B /* PBXContainerItemProxy */;
		};
		74367EF72B837BA600EC2F9B /* PBXTargetDependency */ = {
			isa = PBXTargetDependency;
			target = 74367ED42B837BA400EC2F9B /* tableview */;
			targetProxy = 74367EF62B837BA600EC2F9B /* PBXContainerItemProxy */;
		};
/* End PBXTargetDependency section */

/* Begin PBXVariantGroup section */
		74367EDE2B837BA400EC2F9B /* Main.storyboard */ = {
			isa = PBXVariantGroup;
			children = (
				74367EDF2B837BA400EC2F9B /* Base */,
			);
			name = Main.storyboard;
			sourceTree = "<group>";
		};
		74367EE32B837BA600EC2F9B /* LaunchScreen.storyboard */ = {
			isa = PBXVariantGroup;
			children = (
				74367EE42B837BA600EC2F9B /* Base */,
			);
			name = LaunchScreen.storyboard;
			sourceTree = "<group>";
		};
/* End PBXVariantGroup section */

/* Begin XCBuildConfiguration section */
		74367EFD2B837BA600EC2F9B /* Debug */ = {
			isa = XCBuildConfiguration;
			buildSettings = {
				ALWAYS_SEARCH_USER_PATHS = NO;
				ASSETCATALOG_COMPILER_GENERATE_SWIFT_ASSET_SYMBOL_EXTENSIONS = YES;
				CLANG_ANALYZER_NONNULL = YES;
				CLANG_ANALYZER_NUMBER_OBJECT_CONVERSION = YES_AGGRESSIVE;
				CLANG_CXX_LANGUAGE_STANDARD = "gnu++20";
				CLANG_ENABLE_MODULES = YES;
				CLANG_ENABLE_OBJC_ARC = YES;
				CLANG_ENABLE_OBJC_WEAK = YES;
				CLANG_WARN_BLOCK_CAPTURE_AUTORELEASING = YES;
				CLANG_WARN_BOOL_CONVERSION = YES;
				CLANG_WARN_COMMA = YES;
				CLANG_WARN_CONSTANT_CONVERSION = YES;
				CLANG_WARN_DEPRECATED_OBJC_IMPLEMENTATIONS = YES;
				CLANG_WARN_DIRECT_OBJC_ISA_USAGE = YES_ERROR;
				CLANG_WARN_DOCUMENTATION_COMMENTS = YES;
				CLANG_WARN_EMPTY_BODY = YES;
				CLANG_WARN_ENUM_CONVERSION = YES;
				CLANG_WARN_INFINITE_RECURSION = YES;
				CLANG_WARN_INT_CONVERSION = YES;
				CLANG_WARN_NON_LITERAL_NULL_CONVERSION = YES;
				CLANG_WARN_OBJC_IMPLICIT_RETAIN_SELF = YES;
				CLANG_WARN_OBJC_LITERAL_CONVERSION = YES;
				CLANG_WARN_OBJC_ROOT_CLASS = YES_ERROR;
				CLANG_WARN_QUOTED_INCLUDE_IN_FRAMEWORK_HEADER = YES;
				CLANG_WARN_RANGE_LOOP_ANALYSIS = YES;
				CLANG_WARN_STRICT_PROTOTYPES = YES;
				CLANG_WARN_SUSPICIOUS_MOVE = YES;
				CLANG_WARN_UNGUARDED_AVAILABILITY = YES_AGGRESSIVE;
				CLANG_WARN_UNREACHABLE_CODE = YES;
				CLANG_WARN__DUPLICATE_METHOD_MATCH = YES;
				COPY_PHASE_STRIP = NO;
				DEBUG_INFORMATION_FORMAT = dwarf;
				ENABLE_STRICT_OBJC_MSGSEND = YES;
				ENABLE_TESTABILITY = YES;
				ENABLE_USER_SCRIPT_SANDBOXING = YES;
				GCC_C_LANGUAGE_STANDARD = gnu17;
				GCC_DYNAMIC_NO_PIC = NO;
				GCC_NO_COMMON_BLOCKS = YES;
				GCC_OPTIMIZATION_LEVEL = 0;
				GCC_PREPROCESSOR_DEFINITIONS = (
					"DEBUG=1",
					"$(inherited)",
				);
				GCC_WARN_64_TO_32_BIT_CONVERSION = YES;
				GCC_WARN_ABOUT_RETURN_TYPE = YES_ERROR;
				GCC_WARN_UNDECLARED_SELECTOR = YES;
				GCC_WARN_UNINITIALIZED_AUTOS = YES_AGGRESSIVE;
				GCC_WARN_UNUSED_FUNCTION = YES;
				GCC_WARN_UNUSED_VARIABLE = YES;
				IPHONEOS_DEPLOYMENT_TARGET = 17.2;
				LOCALIZATION_PREFERS_STRING_CATALOGS = YES;
				MTL_ENABLE_DEBUG_INFO = INCLUDE_SOURCE;
				MTL_FAST_MATH = YES;
				ONLY_ACTIVE_ARCH = YES;
				SDKROOT = iphoneos;
				SWIFT_ACTIVE_COMPILATION_CONDITIONS = "DEBUG $(inherited)";
				SWIFT_OPTIMIZATION_LEVEL = "-Onone";
			};
			name = Debug;
		};
		74367EFE2B837BA600EC2F9B /* Release */ = {
			isa = XCBuildConfiguration;
			buildSettings = {
				ALWAYS_SEARCH_USER_PATHS = NO;
				ASSETCATALOG_COMPILER_GENERATE_SWIFT_ASSET_SYMBOL_EXTENSIONS = YES;
				CLANG_ANALYZER_NONNULL = YES;
				CLANG_ANALYZER_NUMBER_OBJECT_CONVERSION = YES_AGGRESSIVE;
				CLANG_CXX_LANGUAGE_STANDARD = "gnu++20";
				CLANG_ENABLE_MODULES = YES;
				CLANG_ENABLE_OBJC_ARC = YES;
				CLANG_ENABLE_OBJC_WEAK = YES;
				CLANG_WARN_BLOCK_CAPTURE_AUTORELEASING = YES;
				CLANG_WARN_BOOL_CONVERSION = YES;
				CLANG_WARN_COMMA = YES;
				CLANG_WARN_CONSTANT_CONVERSION = YES;
				CLANG_WARN_DEPRECATED_OBJC_IMPLEMENTATIONS = YES;
				CLANG_WARN_DIRECT_OBJC_ISA_USAGE = YES_ERROR;
				CLANG_WARN_DOCUMENTATION_COMMENTS = YES;
				CLANG_WARN_EMPTY_BODY = YES;
				CLANG_WARN_ENUM_CONVERSION = YES;
				CLANG_WARN_INFINITE_RECURSION = YES;
				CLANG_WARN_INT_CONVERSION = YES;
				CLANG_WARN_NON_LITERAL_NULL_CONVERSION = YES;
				CLANG_WARN_OBJC_IMPLICIT_RETAIN_SELF = YES;
				CLANG_WARN_OBJC_LITERAL_CONVERSION = YES;
				CLANG_WARN_OBJC_ROOT_CLASS = YES_ERROR;
				CLANG_WARN_QUOTED_INCLUDE_IN_FRAMEWORK_HEADER = YES;
				CLANG_WARN_RANGE_LOOP_ANALYSIS = YES;
				CLANG_WARN_STRICT_PROTOTYPES = YES;
				CLANG_WARN_SUSPICIOUS_MOVE = YES;
				CLANG_WARN_UNGUARDED_AVAILABILITY = YES_AGGRESSIVE;
				CLANG_WARN_UNREACHABLE_CODE = YES;
				CLANG_WARN__DUPLICATE_METHOD_MATCH = YES;
				COPY_PHASE_STRIP = NO;
				DEBUG_INFORMATION_FORMAT = "dwarf-with-dsym";
				ENABLE_NS_ASSERTIONS = NO;
				ENABLE_STRICT_OBJC_MSGSEND = YES;
				ENABLE_USER_SCRIPT_SANDBOXING = YES;
				GCC_C_LANGUAGE_STANDARD = gnu17;
				GCC_NO_COMMON_BLOCKS = YES;
				GCC_WARN_64_TO_32_BIT_CONVERSION = YES;
				GCC_WARN_ABOUT_RETURN_TYPE = YES_ERROR;
				GCC_WARN_UNDECLARED_SELECTOR = YES;
				GCC_WARN_UNINITIALIZED_AUTOS = YES_AGGRESSIVE;
				GCC_WARN_UNUSED_FUNCTION = YES;
				GCC_WARN_UNUSED_VARIABLE = YES;
				IPHONEOS_DEPLOYMENT_TARGET = 17.2;
				LOCALIZATION_PREFERS_STRING_CATALOGS = YES;
				MTL_ENABLE_DEBUG_INFO = NO;
				MTL_FAST_MATH = YES;
				SDKROOT = iphoneos;
				SWIFT_COMPILATION_MODE = wholemodule;
				VALIDATE_PRODUCT = YES;
			};
			name = Release;
		};
		74367F002B837BA600EC2F9B /* Debug */ = {
			isa = XCBuildConfiguration;
			buildSettings = {
				ASSETCATALOG_COMPILER_APPICON_NAME = AppIcon;
				ASSETCATALOG_COMPILER_GLOBAL_ACCENT_COLOR_NAME = AccentColor;
				CODE_SIGN_STYLE = Automatic;
				CURRENT_PROJECT_VERSION = 1;
				GENERATE_INFOPLIST_FILE = YES;
				INFOPLIST_FILE = tableview/Info.plist;
				INFOPLIST_KEY_UIApplicationSupportsIndirectInputEvents = YES;
				INFOPLIST_KEY_UILaunchStoryboardName = LaunchScreen;
				INFOPLIST_KEY_UIMainStoryboardFile = Main;
				INFOPLIST_KEY_UISupportedInterfaceOrientations_iPad = "UIInterfaceOrientationPortrait UIInterfaceOrientationPortraitUpsideDown UIInterfaceOrientationLandscapeLeft UIInterfaceOrientationLandscapeRight";
				INFOPLIST_KEY_UISupportedInterfaceOrientations_iPhone = "UIInterfaceOrientationPortrait UIInterfaceOrientationLandscapeLeft UIInterfaceOrientationLandscapeRight";
				LD_RUNPATH_SEARCH_PATHS = (
					"$(inherited)",
					"@executable_path/Frameworks",
				);
				MARKETING_VERSION = 1.0;
				PRODUCT_BUNDLE_IDENTIFIER = com.zignuts.tableview;
				PRODUCT_NAME = "$(TARGET_NAME)";
				SWIFT_EMIT_LOC_STRINGS = YES;
				SWIFT_VERSION = 5.0;
				TARGETED_DEVICE_FAMILY = "1,2";
			};
			name = Debug;
		};
		74367F012B837BA600EC2F9B /* Release */ = {
			isa = XCBuildConfiguration;
			buildSettings = {
				ASSETCATALOG_COMPILER_APPICON_NAME = AppIcon;
				ASSETCATALOG_COMPILER_GLOBAL_ACCENT_COLOR_NAME = AccentColor;
				CODE_SIGN_STYLE = Automatic;
				CURRENT_PROJECT_VERSION = 1;
				GENERATE_INFOPLIST_FILE = YES;
				INFOPLIST_FILE = tableview/Info.plist;
				INFOPLIST_KEY_UIApplicationSupportsIndirectInputEvents = YES;
				INFOPLIST_KEY_UILaunchStoryboardName = LaunchScreen;
				INFOPLIST_KEY_UIMainStoryboardFile = Main;
				INFOPLIST_KEY_UISupportedInterfaceOrientations_iPad = "UIInterfaceOrientationPortrait UIInterfaceOrientationPortraitUpsideDown UIInterfaceOrientationLandscapeLeft UIInterfaceOrientationLandscapeRight";
				INFOPLIST_KEY_UISupportedInterfaceOrientations_iPhone = "UIInterfaceOrientationPortrait UIInterfaceOrientationLandscapeLeft UIInterfaceOrientationLandscapeRight";
				LD_RUNPATH_SEARCH_PATHS = (
					"$(inherited)",
					"@executable_path/Frameworks",
				);
				MARKETING_VERSION = 1.0;
				PRODUCT_BUNDLE_IDENTIFIER = com.zignuts.tableview;
				PRODUCT_NAME = "$(TARGET_NAME)";
				SWIFT_EMIT_LOC_STRINGS = YES;
				SWIFT_VERSION = 5.0;
				TARGETED_DEVICE_FAMILY = "1,2";
			};
			name = Release;
		};
		74367F032B837BA600EC2F9B /* Debug */ = {
			isa = XCBuildConfiguration;
			buildSettings = {
				ALWAYS_EMBED_SWIFT_STANDARD_LIBRARIES = YES;
				BUNDLE_LOADER = "$(TEST_HOST)";
				CODE_SIGN_STYLE = Automatic;
				CURRENT_PROJECT_VERSION = 1;
				GENERATE_INFOPLIST_FILE = YES;
				IPHONEOS_DEPLOYMENT_TARGET = 17.2;
				MARKETING_VERSION = 1.0;
				PRODUCT_BUNDLE_IDENTIFIER = com.zignuts.tableviewTests;
				PRODUCT_NAME = "$(TARGET_NAME)";
				SWIFT_EMIT_LOC_STRINGS = NO;
				SWIFT_VERSION = 5.0;
				TARGETED_DEVICE_FAMILY = "1,2";
				TEST_HOST = "$(BUILT_PRODUCTS_DIR)/tableview.app/$(BUNDLE_EXECUTABLE_FOLDER_PATH)/tableview";
			};
			name = Debug;
		};
		74367F042B837BA600EC2F9B /* Release */ = {
			isa = XCBuildConfiguration;
			buildSettings = {
				ALWAYS_EMBED_SWIFT_STANDARD_LIBRARIES = YES;
				BUNDLE_LOADER = "$(TEST_HOST)";
				CODE_SIGN_STYLE = Automatic;
				CURRENT_PROJECT_VERSION = 1;
				GENERATE_INFOPLIST_FILE = YES;
				IPHONEOS_DEPLOYMENT_TARGET = 17.2;
				MARKETING_VERSION = 1.0;
				PRODUCT_BUNDLE_IDENTIFIER = com.zignuts.tableviewTests;
				PRODUCT_NAME = "$(TARGET_NAME)";
				SWIFT_EMIT_LOC_STRINGS = NO;
				SWIFT_VERSION = 5.0;
				TARGETED_DEVICE_FAMILY = "1,2";
				TEST_HOST = "$(BUILT_PRODUCTS_DIR)/tableview.app/$(BUNDLE_EXECUTABLE_FOLDER_PATH)/tableview";
			};
			name = Release;
		};
		74367F062B837BA600EC2F9B /* Debug */ = {
			isa = XCBuildConfiguration;
			buildSettings = {
				ALWAYS_EMBED_SWIFT_STANDARD_LIBRARIES = YES;
				CODE_SIGN_STYLE = Automatic;
				CURRENT_PROJECT_VERSION = 1;
				GENERATE_INFOPLIST_FILE = YES;
				MARKETING_VERSION = 1.0;
				PRODUCT_BUNDLE_IDENTIFIER = com.zignuts.tableviewUITests;
				PRODUCT_NAME = "$(TARGET_NAME)";
				SWIFT_EMIT_LOC_STRINGS = NO;
				SWIFT_VERSION = 5.0;
				TARGETED_DEVICE_FAMILY = "1,2";
				TEST_TARGET_NAME = tableview;
			};
			name = Debug;
		};
		74367F072B837BA600EC2F9B /* Release */ = {
			isa = XCBuildConfiguration;
			buildSettings = {
				ALWAYS_EMBED_SWIFT_STANDARD_LIBRARIES = YES;
				CODE_SIGN_STYLE = Automatic;
				CURRENT_PROJECT_VERSION = 1;
				GENERATE_INFOPLIST_FILE = YES;
				MARKETING_VERSION = 1.0;
				PRODUCT_BUNDLE_IDENTIFIER = com.zignuts.tableviewUITests;
				PRODUCT_NAME = "$(TARGET_NAME)";
				SWIFT_EMIT_LOC_STRINGS = NO;
				SWIFT_VERSION = 5.0;
				TARGETED_DEVICE_FAMILY = "1,2";
				TEST_TARGET_NAME = tableview;
			};
			name = Release;
		};
/* End XCBuildConfiguration section */

/* Begin XCConfigurationList section */
		74367ED02B837BA400EC2F9B /* Build configuration list for PBXProject "tableview" */ = {
			isa = XCConfigurationList;
			buildConfigurations = (
				74367EFD2B837BA600EC2F9B /* Debug */,
				74367EFE2B837BA600EC2F9B /* Release */,
			);
			defaultConfigurationIsVisible = 0;
			defaultConfigurationName = Release;
		};
		74367EFF2B837BA600EC2F9B /* Build configuration list for PBXNativeTarget "tableview" */ = {
			isa = XCConfigurationList;
			buildConfigurations = (
				74367F002B837BA600EC2F9B /* Debug */,
				74367F012B837BA600EC2F9B /* Release */,
			);
			defaultConfigurationIsVisible = 0;
			defaultConfigurationName = Release;
		};
		74367F022B837BA600EC2F9B /* Build configuration list for PBXNativeTarget "tableviewTests" */ = {
			isa = XCConfigurationList;
			buildConfigurations = (
				74367F032B837BA600EC2F9B /* Debug */,
				74367F042B837BA600EC2F9B /* Release */,
			);
			defaultConfigurationIsVisible = 0;
			defaultConfigurationName = Release;
		};
		74367F052B837BA600EC2F9B /* Build configuration list for PBXNativeTarget "tableviewUITests" */ = {
			isa = XCConfigurationList;
			buildConfigurations = (
				74367F062B837BA600EC2F9B /* Debug */,
				74367F072B837BA600EC2F9B /* Release */,
			);
			defaultConfigurationIsVisible = 0;
			defaultConfigurationName = Release;
		};
/* End XCConfigurationList section */
	};
	rootObject = 74367ECD2B837BA400EC2F9B /* Project object */;
}
